
Microsoft Visual Studio Solution File, Format Version 12.00
# Visual Studio Version 17
VisualStudioVersion = 17.4.33110.190
MinimumVisualStudioVersion = 10.0.40219.1
Project("{FAE04EC0-301F-11D3-BF4B-00C04F79EFBC}") = "PoliGest", "PoliGest\PoliGest.csproj", "{38E16613-9ED1-42F9-8442-CD8C4D167B02}"
EndProject
Global
	GlobalSection(SolutionConfigurationPlatforms) = preSolution
		Debug|Any CPU = Debug|Any CPU
		Release|Any CPU = Release|Any CPU
	EndGlobalSection
	GlobalSection(ProjectConfigurationPlatforms) = postSolution
		{38E16613-9ED1-42F9-8442-CD8C4D167B02}.Debug|Any CPU.ActiveCfg = Debug|Any CPU
		{38E16613-9ED1-42F9-8442-CD8C4D167B02}.Debug|Any CPU.Build.0 = Debug|Any CPU
		{38E16613-9ED1-42F9-8442-CD8C4D167B02}.Release|Any CPU.ActiveCfg = Release|Any CPU
		{38E16613-9ED1-42F9-8442-CD8C4D167B02}.Release|Any CPU.Build.0 = Release|Any CPU
	EndGlobalSection
	GlobalSection(SolutionProperties) = preSolution
		HideSolutionNode = FALSE
	EndGlobalSection
	GlobalSection(ExtensibilityGlobals) = postSolution
		SolutionGuid = {E3E818A3-B131-4601-BE59-813724E3EF41}
	EndGlobalSection
EndGlobal
